
Microsoft Visual Studio Solution File, Format Version 12.00
# Visual Studio 2015
Project("{FAE04EC0-301F-11D3-BF4B-00C04F79EFBC}") = "ChessProjectV2", "ChessProjectV2.csproj", "{2060DB87-D7AE-4A8B-4674-5FAEEB53561E}"
EndProject
Global
	GlobalSection(SolutionConfigurationPlatforms) = preSolution
		Debug|Any CPU = Debug|Any CPU
		Release|Any CPU = Release|Any CPU
	EndGlobalSection
	GlobalSection(ProjectConfigurationPlatforms) = postSolution
		{2060DB87-D7AE-4A8B-4674-5FAEEB53561E}.Debug|Any CPU.ActiveCfg = Debug|Any CPU
		{2060DB87-D7AE-4A8B-4674-5FAEEB53561E}.Debug|Any CPU.Build.0 = Debug|Any CPU
		{2060DB87-D7AE-4A8B-4674-5FAEEB53561E}.Release|Any CPU.ActiveCfg = Release|Any CPU
		{2060DB87-D7AE-4A8B-4674-5FAEEB53561E}.Release|Any CPU.Build.0 = Release|Any CPU
	EndGlobalSection
	GlobalSection(SolutionProperties) = preSolution
		HideSolutionNode = FALSE
	EndGlobalSection
EndGlobal
